# THIS IS AN AUTOGENERATED FILE. DO NOT EDIT THIS FILE DIRECTLY.
# yarn lockfile v1


"@types/anymatch@*":
  version "1.3.1"
  resolved "https://registry.npm.taobao.org/@types/anymatch/download/@types/anymatch-1.3.1.tgz#336badc1beecb9dacc38bea2cf32adf627a8421a"
  integrity sha1-M2utwb7sudrMOL6izzKt9ieoQho=

"@types/cheerio@^0.22.10":
  version "0.22.11"
  resolved "https://registry.npm.taobao.org/@types/cheerio/download/@types/cheerio-0.22.11.tgz#61c0facf9636d14ba5f77fc65ed8913aa845d717"
  integrity sha1-YcD6z5Y20Uul93/GXtiROqhF1xc=
  dependencies:
    "@types/node" "*"

"@types/node@*":
  version "12.0.10"
  resolved "https://registry.npm.taobao.org/@types/node/download/@types/node-12.0.10.tgz#51babf9c7deadd5343620055fc8aff7995c8b031"
  integrity sha1-Ubq/nH3q3VNDYgBV/Ir/eZXIsDE=

"@types/tapable@*":
  version "1.0.4"
  resolved "https://registry.npm.taobao.org/@types/tapable/download/@types/tapable-1.0.4.tgz#b4ffc7dc97b498c969b360a41eee247f82616370"
  integrity sha1-tP/H3Je0mMlps2CkHu4kf4JhY3A=

"@types/uglify-js@*":
  version "3.0.4"
  resolved "https://registry.npm.taobao.org/@types/uglify-js/download/@types/uglify-js-3.0.4.tgz#96beae23df6f561862a830b4288a49e86baac082"
  integrity sha1-lr6uI99vVhhiqDC0KIpJ6GuqwII=
  dependencies:
    source-map "^0.6.1"

"@types/webpack-chain@^5.0.1":
  version "5.2.0"
  resolved "https://registry.npm.taobao.org/@types/webpack-chain/download/@types/webpack-chain-5.2.0.tgz#ccd2d75d57e962ad7372077701ce2c711fc985c6"
  integrity sha1-zNLXXVfpYq1zcgd3Ac4scR/JhcY=
  dependencies:
    webpack-chain "*"

"@types/webpack@^4.4.23":
  version "4.4.33"
  resolved "https://registry.npm.taobao.org/@types/webpack/download/@types/webpack-4.4.33.tgz#c43936ad0f350fd12fd7df3792a364ab8f64e2fa"
  integrity sha1-xDk2rQ81D9Ev1983kqNkq49k4vo=
  dependencies:
    "@types/anymatch" "*"
    "@types/node" "*"
    "@types/tapable" "*"
    "@types/uglify-js" "*"
    source-map "^0.6.0"

deepmerge@^1.5.2:
  version "1.5.2"
  resolved "https://registry.npm.taobao.org/deepmerge/download/deepmerge-1.5.2.tgz?cache=0&other_urls=https%3A%2F%2Fregistry.npm.taobao.org%2Fdeepmerge%2Fdownload%2Fdeepmerge-1.5.2.tgz#10499d868844cdad4fee0842df8c7f6f0c95a753"
  integrity sha1-EEmdhohEza1P7ghC34x/bwyVp1M=

javascript-stringify@^2.0.0:
  version "2.0.0"
  resolved "https://registry.npm.taobao.org/javascript-stringify/download/javascript-stringify-2.0.0.tgz#ef750216ae66504ffd670b68c8b8aa07bdf7b588"
  integrity sha1-73UCFq5mUE/9ZwtoyLiqB733tYg=

source-map@^0.6.0, source-map@^0.6.1:
  version "0.6.1"
  resolved "https://registry.npm.taobao.org/source-map/download/source-map-0.6.1.tgz#74722af32e9614e9c287a8d0bbde48b5e2f1a263"
  integrity sha1-dHIq8y6WFOnCh6jQu95IteLxomM=

umi-types@~0.3.0:
  version "0.3.9"
  resolved "https://registry.npm.taobao.org/umi-types/download/umi-types-0.3.9.tgz#a747fbeaf0570680ddcdb141cfd9ebff5469016a"
  integrity sha1-p0f76vBXBoDdzbFBz9nr/1RpAWo=
  dependencies:
    "@types/cheerio" "^0.22.10"
    "@types/webpack" "^4.4.23"
    "@types/webpack-chain" "^5.0.1"

webpack-chain@*:
  version "6.0.0"
  resolved "https://registry.npm.taobao.org/webpack-chain/download/webpack-chain-6.0.0.tgz#9c36525a1271a54e7bfd1791199b395f400ae4f1"
  integrity sha1-nDZSWhJxpU57/ReRGZs5X0AK5PE=
  dependencies:
    deepmerge "^1.5.2"
    javascript-stringify "^2.0.0"
